
Microsoft Visual Studio Solution File, Format Version 12.00
# Visual Studio Version 17
VisualStudioVersion = 17.7.34018.315
MinimumVisualStudioVersion = 10.0.40219.1
Project("{FAE04EC0-301F-11D3-BF4B-00C04F79EFBC}") = "1103Game profile", "1103Game profile.csproj", "{95C3DFD6-ABE0-45FB-AD60-0731E8277938}"
EndProject
Global
	GlobalSection(SolutionConfigurationPlatforms) = preSolution
		Debug|Any CPU = Debug|Any CPU
		Release|Any CPU = Release|Any CPU
	EndGlobalSection
	GlobalSection(ProjectConfigurationPlatforms) = postSolution
		{95C3DFD6-ABE0-45FB-AD60-0731E8277938}.Debug|Any CPU.ActiveCfg = Debug|Any CPU
		{95C3DFD6-ABE0-45FB-AD60-0731E8277938}.Debug|Any CPU.Build.0 = Debug|Any CPU
		{95C3DFD6-ABE0-45FB-AD60-0731E8277938}.Release|Any CPU.ActiveCfg = Release|Any CPU
		{95C3DFD6-ABE0-45FB-AD60-0731E8277938}.Release|Any CPU.Build.0 = Release|Any CPU
	EndGlobalSection
	GlobalSection(SolutionProperties) = preSolution
		HideSolutionNode = FALSE
	EndGlobalSection
	GlobalSection(ExtensibilityGlobals) = postSolution
		SolutionGuid = {E086553D-E40C-45C2-84CD-4CD8CC480957}
	EndGlobalSection
EndGlobal
